# This file is automatically @generated by Cargo.
# It is not intended for manual editing.
version = 4

[[package]]
name = "substring-replace"
version = "0.2.3"
dependencies = [
 "to-offset",
]

[[package]]
name = "to-offset"
version = "0.1.1"
source = "registry+https://github.com/rust-lang/crates.io-index"
checksum = "6390877626d7dea2f5d9002312a0ae5ad5029a425c2377143389caa734daa478"
